# THIS IS AN AUTOGENERATED FILE. DO NOT EDIT THIS FILE DIRECTLY.
# yarn lockfile v1


activate-https@^0.0.6:
  version "0.0.6"
  resolved "https://repo.3dker.cn/repository/npm/activate-https/-/activate-https-0.0.6.tgz#af07e8443d84d6193943846f13cd8cfed12e3523"

axios@^0.16.2:
  version "0.16.2"
  resolved "https://repo.3dker.cn/repository/npm/axios/-/axios-0.16.2.tgz#ba4f92f17167dfbab40983785454b9ac149c3c6d"
  dependencies:
    follow-redirects "^1.2.3"
    is-buffer "^1.1.5"

colors@^1.1.2:
  version "1.1.2"
  resolved "https://repo.3dker.cn/repository/npm/colors/-/colors-1.1.2.tgz#168a4701756b6a7f51a12ce0c97bfa28c084ed63"

debug@^2.4.5:
  version "2.6.8"
  resolved "https://repo.3dker.cn/repository/npm/debug/-/debug-2.6.8.tgz#e731531ca2ede27d188222427da17821d68ff4fc"
  dependencies:
    ms "2.0.0"

felver@^1.1.0:
  version "1.1.0"
  resolved "https://repo.3dker.cn/repository/npm/felver/-/felver-1.1.0.tgz#2fd06480a8cf134248120babb06b4b60190d6346"

follow-redirects@^1.2.3:
  version "1.2.4"
  resolved "https://repo.3dker.cn/repository/npm/follow-redirects/-/follow-redirects-1.2.4.tgz#355e8f4d16876b43f577b0d5ce2668b9723214ea"
  dependencies:
    debug "^2.4.5"

is-buffer@^1.1.5:
  version "1.1.5"
  resolved "https://repo.3dker.cn/repository/npm/is-buffer/-/is-buffer-1.1.5.tgz#1f3b26ef613b214b88cbca23cc6c01d87961eecc"

ms@2.0.0:
  version "2.0.0"
  resolved "https://repo.3dker.cn/repository/npm/ms/-/ms-2.0.0.tgz#5608aeadfc00be6c2901df5f9861788de0d597c8"

super-loader@1.0.4:
  version "1.0.4"
  resolved "https://repo.3dker.cn/repository/npm/super-loader/-/super-loader-1.0.4.tgz#2b79e82ab70d93c54cfd01fc8d573979e3e22c86"
  dependencies:
    activate-https "^0.0.6"
    colors "^1.1.2"

tm-c-oss@^1.0.2:
  version "1.0.2"
  resolved "https://repo.3dker.cn/repository/npm/tm-c-oss/-/tm-c-oss-1.0.2.tgz#6d9a913cff549df096593778246ef15bbe89403f"
