# THIS IS AN AUTOGENERATED FILE. DO NOT EDIT THIS FILE DIRECTLY.
# yarn lockfile v1


js-cookie@^2.1.4:
  version "2.2.0"
  resolved "https://repo.3dker.cn/repository/npm/js-cookie/-/js-cookie-2.2.0.tgz#1b2c279a6eece380a12168b92485265b35b1effb"

store@^1.3.20:
  version "1.3.20"
  resolved "https://repo.3dker.cn/repository/npm/store/-/store-1.3.20.tgz#13ea7e3fb2d6c239868265d686b1d84e99c5be3e"

tm-t-valicode@1.0.5:
  version "1.0.5"
  resolved "https://repo.3dker.cn/repository/npm/tm-t-valicode/-/tm-t-valicode-1.0.5.tgz#fce6fd4a2f907fc1b0a7f12d537623d3dba6d985"
